version: 2.0
shards:
  active-model:
    git: https://github.com/spider-gazelle/active-model.git
    version: 1.8.4+git.commit.e9737a4925eedf0ff4447fb1cc17f253d809076e

  exception_page:
    git: https://github.com/crystal-loot/exception_page.git
    version: 0.1.4

  graphql:
    git: https://github.com/graphql-crystal/graphql.git
    version: 0.3.0

  halite:
    git: https://github.com/icyleaf/halite.git
    version: 0.10.5

  json_mapping:
    git: https://github.com/crystal-lang/json_mapping.cr.git
    version: 0.1.0

  kemal:
    git: https://github.com/kemalcr/kemal.git
    version: 0.27.0

  kilt:
    git: https://github.com/jeromegn/kilt.git
    version: 0.4.0

  radix:
    git: https://github.com/luislavena/radix.git
    version: 0.3.9

  yaml_mapping:
    git: https://github.com/crystal-lang/yaml_mapping.cr.git
    version: 0.1.0

